
Microsoft Visual Studio Solution File, Format Version 11.00
# Visual C# Express 2010
Project("{FAE04EC0-301F-11D3-BF4B-00C04F79EFBC}") = "GS_SC", "GS_Scal\GS_SC.csproj", "{D9A45D13-EA66-4BAF-A222-8D36E25A9B9C}"
EndProject
Global
	GlobalSection(SolutionConfigurationPlatforms) = preSolution
		Debug|x86 = Debug|x86
		Release|x86 = Release|x86
	EndGlobalSection
	GlobalSection(ProjectConfigurationPlatforms) = postSolution
		{D9A45D13-EA66-4BAF-A222-8D36E25A9B9C}.Debug|x86.ActiveCfg = Debug|x86
		{D9A45D13-EA66-4BAF-A222-8D36E25A9B9C}.Debug|x86.Build.0 = Debug|x86
		{D9A45D13-EA66-4BAF-A222-8D36E25A9B9C}.Release|x86.ActiveCfg = Release|x86
		{D9A45D13-EA66-4BAF-A222-8D36E25A9B9C}.Release|x86.Build.0 = Release|x86
	EndGlobalSection
	GlobalSection(SolutionProperties) = preSolution
		HideSolutionNode = FALSE
	EndGlobalSection
EndGlobal
